{
  "nodes": {
    "crane": {
      "inputs": {
        "nixpkgs": [
          "nixpkgs"
        ]
      },
      "locked": {
        "lastModified": 1697677553,
        "narHash": "sha256-ozj7HFo/1iQdzZ2U6tHP4QBW59eUbDZ/5HI8lLe9wos=",
        "owner": "ipetkov",
        "repo": "crane",
        "rev": "bc5fa8cd53ef32b9b827f24b993c42a8c4dd913b",
        "type": "github"
      },
      "original": {
        "owner": "ipetkov",
        "repo": "crane",
        "rev": "bc5fa8cd53ef32b9b827f24b993c42a8c4dd913b",
        "type": "github"
      }
    },
    "flake-utils": {
      "locked": {
        "lastModified": 1649676176,
        "narHash": "sha256-OWKJratjt2RW151VUlJPRALb7OU2S5s+f0vLj4o1bHM=",
        "owner": "numtide",
        "repo": "flake-utils",
        "rev": "a4b154ebbdc88c8498a5c7b01589addc9e9cb678",
        "type": "github"
      },
      "original": {
        "owner": "numtide",
        "repo": "flake-utils",
        "type": "github"
      }
    },
    "nixpkgs": {
      "locked": {
        "lastModified": 1697067846,
        "narHash": "sha256-QFcHhH+BpJlfKszCaS1ahsmmdpLm/yqY97yQC7SMbws=",
        "owner": "NixOS",
        "repo": "nixpkgs",
        "rev": "b11ced7a9c1fc44392358e337c0d8f58efc97c89",
        "type": "github"
      },
      "original": {
        "owner": "NixOS",
        "repo": "nixpkgs",
        "rev": "b11ced7a9c1fc44392358e337c0d8f58efc97c89",
        "type": "github"
      }
    },
    "root": {
      "inputs": {
        "crane": "crane",
        "flake-utils": "flake-utils",
        "nixpkgs": "nixpkgs",
        "rust-overlay": "rust-overlay"
      }
    },
    "rust-overlay": {
      "inputs": {
        "flake-utils": [
          "flake-utils"
        ],
        "nixpkgs": [
          "nixpkgs"
        ]
      },
      "locked": {
        "lastModified": 1697767917,
        "narHash": "sha256-9+FjCVE1Y7iUKohBF43yD05KoQB+FPcw/XL2rlKkjqY=",
        "owner": "oxalica",
        "repo": "rust-overlay",
        "rev": "679ea0878edc749f23516ea6d7ffa974c6304bf5",
        "type": "github"
      },
      "original": {
        "owner": "oxalica",
        "repo": "rust-overlay",
        "rev": "679ea0878edc749f23516ea6d7ffa974c6304bf5",
        "type": "github"
      }
    }
  },
  "root": "root",
  "version": 7
}
